
Microsoft Visual Studio Solution File, Format Version 12.00
# Visual Studio Version 17
VisualStudioVersion = 17.2.32630.192
MinimumVisualStudioVersion = 10.0.40219.1
Project("{2150E333-8FDC-42A3-9474-1A3956D46DE8}") = "src", "src", "{FBA3A7FB-3B30-4B04-BECC-3DB2D2D62F42}"
EndProject
Project("{2150E333-8FDC-42A3-9474-1A3956D46DE8}") = "tests", "tests", "{8B5CA6E7-B618-42E4-A4F0-BF103F5BA214}"
EndProject
Project("{9A19103F-16F7-4668-BE54-9A1E7A4F7556}") = "AuthGuard.IdentityServer4", "src\AuthGuard.IdentityServer4\AuthGuard.IdentityServer4.csproj", "{2842BDAC-F86D-45A4-88A0-B456CEF6079E}"
EndProject
Project("{9A19103F-16F7-4668-BE54-9A1E7A4F7556}") = "AuthGuard.Api", "src\AuthGuard.Api\AuthGuard.Api.csproj", "{66F028E8-0F43-4DCF-A344-B48C6AA66D19}"
EndProject
Project("{FAE04EC0-301F-11D3-BF4B-00C04F79EFBC}") = "AuthGuard.Infrastructure", "src\AuthGuard.Infrastructure\AuthGuard.Infrastructure.csproj", "{116DAFF8-3FA6-4B05-BEFC-3C88788F8C68}"
EndProject
Project("{FAE04EC0-301F-11D3-BF4B-00C04F79EFBC}") = "AuthGuard.Domain", "src\AuthGuard.Domain\AuthGuard.Domain.csproj", "{20D4A386-43FF-4D86-B76F-C8E9E9DC5BA4}"
EndProject
Project("{FAE04EC0-301F-11D3-BF4B-00C04F79EFBC}") = "AuthGuard.EntityFrameworkCore", "src\AuthGuard.EntityFrameworkCore\AuthGuard.EntityFrameworkCore.csproj", "{4990AD47-735A-4CF1-9DEB-DD12678CF80C}"
EndProject
Global
	GlobalSection(SolutionConfigurationPlatforms) = preSolution
		Debug|Any CPU = Debug|Any CPU
		Release|Any CPU = Release|Any CPU
	EndGlobalSection
	GlobalSection(ProjectConfigurationPlatforms) = postSolution
		{2842BDAC-F86D-45A4-88A0-B456CEF6079E}.Debug|Any CPU.ActiveCfg = Debug|Any CPU
		{2842BDAC-F86D-45A4-88A0-B456CEF6079E}.Debug|Any CPU.Build.0 = Debug|Any CPU
		{2842BDAC-F86D-45A4-88A0-B456CEF6079E}.Release|Any CPU.ActiveCfg = Release|Any CPU
		{2842BDAC-F86D-45A4-88A0-B456CEF6079E}.Release|Any CPU.Build.0 = Release|Any CPU
		{66F028E8-0F43-4DCF-A344-B48C6AA66D19}.Debug|Any CPU.ActiveCfg = Debug|Any CPU
		{66F028E8-0F43-4DCF-A344-B48C6AA66D19}.Debug|Any CPU.Build.0 = Debug|Any CPU
		{66F028E8-0F43-4DCF-A344-B48C6AA66D19}.Release|Any CPU.ActiveCfg = Release|Any CPU
		{66F028E8-0F43-4DCF-A344-B48C6AA66D19}.Release|Any CPU.Build.0 = Release|Any CPU
		{116DAFF8-3FA6-4B05-BEFC-3C88788F8C68}.Debug|Any CPU.ActiveCfg = Debug|Any CPU
		{116DAFF8-3FA6-4B05-BEFC-3C88788F8C68}.Debug|Any CPU.Build.0 = Debug|Any CPU
		{116DAFF8-3FA6-4B05-BEFC-3C88788F8C68}.Release|Any CPU.ActiveCfg = Release|Any CPU
		{116DAFF8-3FA6-4B05-BEFC-3C88788F8C68}.Release|Any CPU.Build.0 = Release|Any CPU
		{20D4A386-43FF-4D86-B76F-C8E9E9DC5BA4}.Debug|Any CPU.ActiveCfg = Debug|Any CPU
		{20D4A386-43FF-4D86-B76F-C8E9E9DC5BA4}.Debug|Any CPU.Build.0 = Debug|Any CPU
		{20D4A386-43FF-4D86-B76F-C8E9E9DC5BA4}.Release|Any CPU.ActiveCfg = Release|Any CPU
		{20D4A386-43FF-4D86-B76F-C8E9E9DC5BA4}.Release|Any CPU.Build.0 = Release|Any CPU
		{4990AD47-735A-4CF1-9DEB-DD12678CF80C}.Debug|Any CPU.ActiveCfg = Debug|Any CPU
		{4990AD47-735A-4CF1-9DEB-DD12678CF80C}.Debug|Any CPU.Build.0 = Debug|Any CPU
		{4990AD47-735A-4CF1-9DEB-DD12678CF80C}.Release|Any CPU.ActiveCfg = Release|Any CPU
		{4990AD47-735A-4CF1-9DEB-DD12678CF80C}.Release|Any CPU.Build.0 = Release|Any CPU
	EndGlobalSection
	GlobalSection(SolutionProperties) = preSolution
		HideSolutionNode = FALSE
	EndGlobalSection
	GlobalSection(NestedProjects) = preSolution
		{2842BDAC-F86D-45A4-88A0-B456CEF6079E} = {FBA3A7FB-3B30-4B04-BECC-3DB2D2D62F42}
		{66F028E8-0F43-4DCF-A344-B48C6AA66D19} = {FBA3A7FB-3B30-4B04-BECC-3DB2D2D62F42}
		{116DAFF8-3FA6-4B05-BEFC-3C88788F8C68} = {FBA3A7FB-3B30-4B04-BECC-3DB2D2D62F42}
		{20D4A386-43FF-4D86-B76F-C8E9E9DC5BA4} = {FBA3A7FB-3B30-4B04-BECC-3DB2D2D62F42}
		{4990AD47-735A-4CF1-9DEB-DD12678CF80C} = {FBA3A7FB-3B30-4B04-BECC-3DB2D2D62F42}
	EndGlobalSection
	GlobalSection(ExtensibilityGlobals) = postSolution
		SolutionGuid = {4F57B424-D17D-4495-81A5-1D9C62A0CCE4}
	EndGlobalSection
EndGlobal
